
Microsoft Visual Studio Solution File, Format Version 12.00
# Visual Studio 15
VisualStudioVersion = 15.0.28010.2019
MinimumVisualStudioVersion = 10.0.40219.1
Project("{FAE04EC0-301F-11D3-BF4B-00C04F79EFBC}") = "Dnd.Android", "Dnd\Dnd.Android\Dnd.Android.csproj", "{2EF41378-069A-4356-A767-90032F9AB86A}"
EndProject
Project("{FAE04EC0-301F-11D3-BF4B-00C04F79EFBC}") = "Dnd.iOS", "Dnd\Dnd.iOS\Dnd.iOS.csproj", "{A973501A-AB44-4A3B-8857-702445F0BE2D}"
EndProject
Project("{FAE04EC0-301F-11D3-BF4B-00C04F79EFBC}") = "Dnd.UWP", "Dnd\Dnd.UWP\Dnd.UWP.csproj", "{20186956-982F-4E45-B508-6778331D18D7}"
EndProject
Project("{FAE04EC0-301F-11D3-BF4B-00C04F79EFBC}") = "Dnd", "Dnd\Dnd\Dnd.csproj", "{4864C7F0-FD70-4F50-8D78-68CAEAF8CC5A}"
EndProject
Global
	GlobalSection(SolutionConfigurationPlatforms) = preSolution
		Ad-Hoc|Any CPU = Ad-Hoc|Any CPU
		Ad-Hoc|ARM = Ad-Hoc|ARM
		Ad-Hoc|iPhone = Ad-Hoc|iPhone
		Ad-Hoc|iPhoneSimulator = Ad-Hoc|iPhoneSimulator
		Ad-Hoc|x64 = Ad-Hoc|x64
		Ad-Hoc|x86 = Ad-Hoc|x86
		AppStore|Any CPU = AppStore|Any CPU
		AppStore|ARM = AppStore|ARM
		AppStore|iPhone = AppStore|iPhone
		AppStore|iPhoneSimulator = AppStore|iPhoneSimulator
		AppStore|x64 = AppStore|x64
		AppStore|x86 = AppStore|x86
		Debug|Any CPU = Debug|Any CPU
		Debug|ARM = Debug|ARM
		Debug|iPhone = Debug|iPhone
		Debug|iPhoneSimulator = Debug|iPhoneSimulator
		Debug|x64 = Debug|x64
		Debug|x86 = Debug|x86
		Release|Any CPU = Release|Any CPU
		Release|ARM = Release|ARM
		Release|iPhone = Release|iPhone
		Release|iPhoneSimulator = Release|iPhoneSimulator
		Release|x64 = Release|x64
		Release|x86 = Release|x86
	EndGlobalSection
	GlobalSection(ProjectConfigurationPlatforms) = postSolution
		{2EF41378-069A-4356-A767-90032F9AB86A}.Ad-Hoc|Any CPU.ActiveCfg = Release|Any CPU
		{2EF41378-069A-4356-A767-90032F9AB86A}.Ad-Hoc|Any CPU.Build.0 = Release|Any CPU
		{2EF41378-069A-4356-A767-90032F9AB86A}.Ad-Hoc|Any CPU.Deploy.0 = Release|Any CPU
		{2EF41378-069A-4356-A767-90032F9AB86A}.Ad-Hoc|ARM.ActiveCfg = Release|Any CPU
		{2EF41378-069A-4356-A767-90032F9AB86A}.Ad-Hoc|ARM.Build.0 = Release|Any CPU
		{2EF41378-069A-4356-A767-90032F9AB86A}.Ad-Hoc|ARM.Deploy.0 = Release|Any CPU
		{2EF41378-069A-4356-A767-90032F9AB86A}.Ad-Hoc|iPhone.ActiveCfg = Release|Any CPU
		{2EF41378-069A-4356-A767-90032F9AB86A}.Ad-Hoc|iPhone.Build.0 = Release|Any CPU
		{2EF41378-069A-4356-A767-90032F9AB86A}.Ad-Hoc|iPhone.Deploy.0 = Release|Any CPU
		{2EF41378-069A-4356-A767-90032F9AB86A}.Ad-Hoc|iPhoneSimulator.ActiveCfg = Release|Any CPU
		{2EF41378-069A-4356-A767-90032F9AB86A}.Ad-Hoc|iPhoneSimulator.Build.0 = Release|Any CPU
		{2EF41378-069A-4356-A767-90032F9AB86A}.Ad-Hoc|iPhoneSimulator.Deploy.0 = Release|Any CPU
		{2EF41378-069A-4356-A767-90032F9AB86A}.Ad-Hoc|x64.ActiveCfg = Release|Any CPU
		{2EF41378-069A-4356-A767-90032F9AB86A}.Ad-Hoc|x64.Build.0 = Release|Any CPU
		{2EF41378-069A-4356-A767-90032F9AB86A}.Ad-Hoc|x64.Deploy.0 = Release|Any CPU
		{2EF41378-069A-4356-A767-90032F9AB86A}.Ad-Hoc|x86.ActiveCfg = Release|Any CPU
		{2EF41378-069A-4356-A767-90032F9AB86A}.Ad-Hoc|x86.Build.0 = Release|Any CPU
		{2EF41378-069A-4356-A767-90032F9AB86A}.Ad-Hoc|x86.Deploy.0 = Release|Any CPU
		{2EF41378-069A-4356-A767-90032F9AB86A}.AppStore|Any CPU.ActiveCfg = Release|Any CPU
		{2EF41378-069A-4356-A767-90032F9AB86A}.AppStore|Any CPU.Build.0 = Release|Any CPU
		{2EF41378-069A-4356-A767-90032F9AB86A}.AppStore|Any CPU.Deploy.0 = Release|Any CPU
		{2EF41378-069A-4356-A767-90032F9AB86A}.AppStore|ARM.ActiveCfg = Release|Any CPU
		{2EF41378-069A-4356-A767-90032F9AB86A}.AppStore|ARM.Build.0 = Release|Any CPU
		{2EF41378-069A-4356-A767-90032F9AB86A}.AppStore|ARM.Deploy.0 = Release|Any CPU
		{2EF41378-069A-4356-A767-90032F9AB86A}.AppStore|iPhone.ActiveCfg = Release|Any CPU
		{2EF41378-069A-4356-A767-90032F9AB86A}.AppStore|iPhone.Build.0 = Release|Any CPU
		{2EF41378-069A-4356-A767-90032F9AB86A}.AppStore|iPhone.Deploy.0 = Release|Any CPU
		{2EF41378-069A-4356-A767-90032F9AB86A}.AppStore|iPhoneSimulator.ActiveCfg = Release|Any CPU
		{2EF41378-069A-4356-A767-90032F9AB86A}.AppStore|iPhoneSimulator.Build.0 = Release|Any CPU
		{2EF41378-069A-4356-A767-90032F9AB86A}.AppStore|iPhoneSimulator.Deploy.0 = Release|Any CPU
		{2EF41378-069A-4356-A767-90032F9AB86A}.AppStore|x64.ActiveCfg = Release|Any CPU
		{2EF41378-069A-4356-A767-90032F9AB86A}.AppStore|x64.Build.0 = Release|Any CPU
		{2EF41378-069A-4356-A767-90032F9AB86A}.AppStore|x64.Deploy.0 = Release|Any CPU
		{2EF41378-069A-4356-A767-90032F9AB86A}.AppStore|x86.ActiveCfg = Release|Any CPU
		{2EF41378-069A-4356-A767-90032F9AB86A}.AppStore|x86.Build.0 = Release|Any CPU
		{2EF41378-069A-4356-A767-90032F9AB86A}.AppStore|x86.Deploy.0 = Release|Any CPU
		{2EF41378-069A-4356-A767-90032F9AB86A}.Debug|Any CPU.ActiveCfg = Debug|Any CPU
		{2EF41378-069A-4356-A767-90032F9AB86A}.Debug|Any CPU.Build.0 = Debug|Any CPU
		{2EF41378-069A-4356-A767-90032F9AB86A}.Debug|Any CPU.Deploy.0 = Debug|Any CPU
		{2EF41378-069A-4356-A767-90032F9AB86A}.Debug|ARM.ActiveCfg = Debug|Any CPU
		{2EF41378-069A-4356-A767-90032F9AB86A}.Debug|ARM.Build.0 = Debug|Any CPU
		{2EF41378-069A-4356-A767-90032F9AB86A}.Debug|ARM.Deploy.0 = Debug|Any CPU
		{2EF41378-069A-4356-A767-90032F9AB86A}.Debug|iPhone.ActiveCfg = Debug|Any CPU
		{2EF41378-069A-4356-A767-90032F9AB86A}.Debug|iPhone.Build.0 = Debug|Any CPU
		{2EF41378-069A-4356-A767-90032F9AB86A}.Debug|iPhone.Deploy.0 = Debug|Any CPU
		{2EF41378-069A-4356-A767-90032F9AB86A}.Debug|iPhoneSimulator.ActiveCfg = Debug|Any CPU
		{2EF41378-069A-4356-A767-90032F9AB86A}.Debug|iPhoneSimulator.Build.0 = Debug|Any CPU
		{2EF41378-069A-4356-A767-90032F9AB86A}.Debug|iPhoneSimulator.Deploy.0 = Debug|Any CPU
		{2EF41378-069A-4356-A767-90032F9AB86A}.Debug|x64.ActiveCfg = Debug|Any CPU
		{2EF41378-069A-4356-A767-90032F9AB86A}.Debug|x64.Build.0 = Debug|Any CPU
		{2EF41378-069A-4356-A767-90032F9AB86A}.Debug|x64.Deploy.0 = Debug|Any CPU
		{2EF41378-069A-4356-A767-90032F9AB86A}.Debug|x86.ActiveCfg = Debug|Any CPU
		{2EF41378-069A-4356-A767-90032F9AB86A}.Debug|x86.Build.0 = Debug|Any CPU
		{2EF41378-069A-4356-A767-90032F9AB86A}.Debug|x86.Deploy.0 = Debug|Any CPU
		{2EF41378-069A-4356-A767-90032F9AB86A}.Release|Any CPU.ActiveCfg = Release|Any CPU
		{2EF41378-069A-4356-A767-90032F9AB86A}.Release|Any CPU.Build.0 = Release|Any CPU
		{2EF41378-069A-4356-A767-90032F9AB86A}.Release|Any CPU.Deploy.0 = Release|Any CPU
		{2EF41378-069A-4356-A767-90032F9AB86A}.Release|ARM.ActiveCfg = Release|Any CPU
		{2EF41378-069A-4356-A767-90032F9AB86A}.Release|ARM.Build.0 = Release|Any CPU
		{2EF41378-069A-4356-A767-90032F9AB86A}.Release|ARM.Deploy.0 = Release|Any CPU
		{2EF41378-069A-4356-A767-90032F9AB86A}.Release|iPhone.ActiveCfg = Release|Any CPU
		{2EF41378-069A-4356-A767-90032F9AB86A}.Release|iPhone.Build.0 = Release|Any CPU
		{2EF41378-069A-4356-A767-90032F9AB86A}.Release|iPhone.Deploy.0 = Release|Any CPU
		{2EF41378-069A-4356-A767-90032F9AB86A}.Release|iPhoneSimulator.ActiveCfg = Release|Any CPU
		{2EF41378-069A-4356-A767-90032F9AB86A}.Release|iPhoneSimulator.Build.0 = Release|Any CPU
		{2EF41378-069A-4356-A767-90032F9AB86A}.Release|iPhoneSimulator.Deploy.0 = Release|Any CPU
		{2EF41378-069A-4356-A767-90032F9AB86A}.Release|x64.ActiveCfg = Release|Any CPU
		{2EF41378-069A-4356-A767-90032F9AB86A}.Release|x64.Build.0 = Release|Any CPU
		{2EF41378-069A-4356-A767-90032F9AB86A}.Release|x64.Deploy.0 = Release|Any CPU
		{2EF41378-069A-4356-A767-90032F9AB86A}.Release|x86.ActiveCfg = Release|Any CPU
		{2EF41378-069A-4356-A767-90032F9AB86A}.Release|x86.Build.0 = Release|Any CPU
		{2EF41378-069A-4356-A767-90032F9AB86A}.Release|x86.Deploy.0 = Release|Any CPU
		{A973501A-AB44-4A3B-8857-702445F0BE2D}.Ad-Hoc|Any CPU.ActiveCfg = Ad-Hoc|iPhone
		{A973501A-AB44-4A3B-8857-702445F0BE2D}.Ad-Hoc|Any CPU.Build.0 = Ad-Hoc|iPhone
		{A973501A-AB44-4A3B-8857-702445F0BE2D}.Ad-Hoc|Any CPU.Deploy.0 = Ad-Hoc|iPhone
		{A973501A-AB44-4A3B-8857-702445F0BE2D}.Ad-Hoc|ARM.ActiveCfg = Ad-Hoc|iPhone
		{A973501A-AB44-4A3B-8857-702445F0BE2D}.Ad-Hoc|ARM.Build.0 = Ad-Hoc|iPhone
		{A973501A-AB44-4A3B-8857-702445F0BE2D}.Ad-Hoc|ARM.Deploy.0 = Ad-Hoc|iPhone
		{A973501A-AB44-4A3B-8857-702445F0BE2D}.Ad-Hoc|iPhone.ActiveCfg = Ad-Hoc|iPhone
		{A973501A-AB44-4A3B-8857-702445F0BE2D}.Ad-Hoc|iPhone.Build.0 = Ad-Hoc|iPhone
		{A973501A-AB44-4A3B-8857-702445F0BE2D}.Ad-Hoc|iPhone.Deploy.0 = Ad-Hoc|iPhone
		{A973501A-AB44-4A3B-8857-702445F0BE2D}.Ad-Hoc|iPhoneSimulator.ActiveCfg = Ad-Hoc|iPhoneSimulator
		{A973501A-AB44-4A3B-8857-702445F0BE2D}.Ad-Hoc|iPhoneSimulator.Build.0 = Ad-Hoc|iPhoneSimulator
		{A973501A-AB44-4A3B-8857-702445F0BE2D}.Ad-Hoc|iPhoneSimulator.Deploy.0 = Ad-Hoc|iPhoneSimulator
		{A973501A-AB44-4A3B-8857-702445F0BE2D}.Ad-Hoc|x64.ActiveCfg = Ad-Hoc|iPhone
		{A973501A-AB44-4A3B-8857-702445F0BE2D}.Ad-Hoc|x64.Build.0 = Ad-Hoc|iPhone
		{A973501A-AB44-4A3B-8857-702445F0BE2D}.Ad-Hoc|x64.Deploy.0 = Ad-Hoc|iPhone
		{A973501A-AB44-4A3B-8857-702445F0BE2D}.Ad-Hoc|x86.ActiveCfg = Ad-Hoc|iPhone
		{A973501A-AB44-4A3B-8857-702445F0BE2D}.Ad-Hoc|x86.Build.0 = Ad-Hoc|iPhone
		{A973501A-AB44-4A3B-8857-702445F0BE2D}.Ad-Hoc|x86.Deploy.0 = Ad-Hoc|iPhone
		{A973501A-AB44-4A3B-8857-702445F0BE2D}.AppStore|Any CPU.ActiveCfg = AppStore|iPhone
		{A973501A-AB44-4A3B-8857-702445F0BE2D}.AppStore|Any CPU.Build.0 = AppStore|iPhone
		{A973501A-AB44-4A3B-8857-702445F0BE2D}.AppStore|Any CPU.Deploy.0 = AppStore|iPhone
		{A973501A-AB44-4A3B-8857-702445F0BE2D}.AppStore|ARM.ActiveCfg = AppStore|iPhone
		{A973501A-AB44-4A3B-8857-702445F0BE2D}.AppStore|ARM.Build.0 = AppStore|iPhone
		{A973501A-AB44-4A3B-8857-702445F0BE2D}.AppStore|ARM.Deploy.0 = AppStore|iPhone
		{A973501A-AB44-4A3B-8857-702445F0BE2D}.AppStore|iPhone.ActiveCfg = AppStore|iPhone
		{A973501A-AB44-4A3B-8857-702445F0BE2D}.AppStore|iPhone.Build.0 = AppStore|iPhone
		{A973501A-AB44-4A3B-8857-702445F0BE2D}.AppStore|iPhone.Deploy.0 = AppStore|iPhone
		{A973501A-AB44-4A3B-8857-702445F0BE2D}.AppStore|iPhoneSimulator.ActiveCfg = AppStore|iPhoneSimulator
		{A973501A-AB44-4A3B-8857-702445F0BE2D}.AppStore|iPhoneSimulator.Build.0 = AppStore|iPhoneSimulator
		{A973501A-AB44-4A3B-8857-702445F0BE2D}.AppStore|iPhoneSimulator.Deploy.0 = AppStore|iPhoneSimulator
		{A973501A-AB44-4A3B-8857-702445F0BE2D}.AppStore|x64.ActiveCfg = AppStore|iPhone
		{A973501A-AB44-4A3B-8857-702445F0BE2D}.AppStore|x64.Build.0 = AppStore|iPhone
		{A973501A-AB44-4A3B-8857-702445F0BE2D}.AppStore|x64.Deploy.0 = AppStore|iPhone
		{A973501A-AB44-4A3B-8857-702445F0BE2D}.AppStore|x86.ActiveCfg = AppStore|iPhone
		{A973501A-AB44-4A3B-8857-702445F0BE2D}.AppStore|x86.Build.0 = AppStore|iPhone
		{A973501A-AB44-4A3B-8857-702445F0BE2D}.AppStore|x86.Deploy.0 = AppStore|iPhone
		{A973501A-AB44-4A3B-8857-702445F0BE2D}.Debug|Any CPU.ActiveCfg = Debug|iPhoneSimulator
		{A973501A-AB44-4A3B-8857-702445F0BE2D}.Debug|Any CPU.Build.0 = Debug|iPhoneSimulator
		{A973501A-AB44-4A3B-8857-702445F0BE2D}.Debug|Any CPU.Deploy.0 = Debug|iPhoneSimulator
		{A973501A-AB44-4A3B-8857-702445F0BE2D}.Debug|ARM.ActiveCfg = Debug|iPhone
		{A973501A-AB44-4A3B-8857-702445F0BE2D}.Debug|ARM.Build.0 = Debug|iPhone
		{A973501A-AB44-4A3B-8857-702445F0BE2D}.Debug|ARM.Deploy.0 = Debug|iPhone
		{A973501A-AB44-4A3B-8857-702445F0BE2D}.Debug|iPhone.ActiveCfg = Debug|iPhone
		{A973501A-AB44-4A3B-8857-702445F0BE2D}.Debug|iPhone.Build.0 = Debug|iPhone
		{A973501A-AB44-4A3B-8857-702445F0BE2D}.Debug|iPhone.Deploy.0 = Debug|iPhone
		{A973501A-AB44-4A3B-8857-702445F0BE2D}.Debug|iPhoneSimulator.ActiveCfg = Debug|iPhoneSimulator
		{A973501A-AB44-4A3B-8857-702445F0BE2D}.Debug|iPhoneSimulator.Build.0 = Debug|iPhoneSimulator
		{A973501A-AB44-4A3B-8857-702445F0BE2D}.Debug|iPhoneSimulator.Deploy.0 = Debug|iPhoneSimulator
		{A973501A-AB44-4A3B-8857-702445F0BE2D}.Debug|x64.ActiveCfg = Debug|iPhone
		{A973501A-AB44-4A3B-8857-702445F0BE2D}.Debug|x64.Build.0 = Debug|iPhone
		{A973501A-AB44-4A3B-8857-702445F0BE2D}.Debug|x64.Deploy.0 = Debug|iPhone
		{A973501A-AB44-4A3B-8857-702445F0BE2D}.Debug|x86.ActiveCfg = Debug|iPhone
		{A973501A-AB44-4A3B-8857-702445F0BE2D}.Debug|x86.Build.0 = Debug|iPhone
		{A973501A-AB44-4A3B-8857-702445F0BE2D}.Debug|x86.Deploy.0 = Debug|iPhone
		{A973501A-AB44-4A3B-8857-702445F0BE2D}.Release|Any CPU.ActiveCfg = Release|iPhone
		{A973501A-AB44-4A3B-8857-702445F0BE2D}.Release|Any CPU.Build.0 = Release|iPhone
		{A973501A-AB44-4A3B-8857-702445F0BE2D}.Release|Any CPU.Deploy.0 = Release|iPhone
		{A973501A-AB44-4A3B-8857-702445F0BE2D}.Release|ARM.ActiveCfg = Release|iPhone
		{A973501A-AB44-4A3B-8857-702445F0BE2D}.Release|ARM.Build.0 = Release|iPhone
		{A973501A-AB44-4A3B-8857-702445F0BE2D}.Release|ARM.Deploy.0 = Release|iPhone
		{A973501A-AB44-4A3B-8857-702445F0BE2D}.Release|iPhone.ActiveCfg = Release|iPhone
		{A973501A-AB44-4A3B-8857-702445F0BE2D}.Release|iPhone.Build.0 = Release|iPhone
		{A973501A-AB44-4A3B-8857-702445F0BE2D}.Release|iPhone.Deploy.0 = Release|iPhone
		{A973501A-AB44-4A3B-8857-702445F0BE2D}.Release|iPhoneSimulator.ActiveCfg = Release|iPhoneSimulator
		{A973501A-AB44-4A3B-8857-702445F0BE2D}.Release|iPhoneSimulator.Build.0 = Release|iPhoneSimulator
		{A973501A-AB44-4A3B-8857-702445F0BE2D}.Release|iPhoneSimulator.Deploy.0 = Release|iPhoneSimulator
		{A973501A-AB44-4A3B-8857-702445F0BE2D}.Release|x64.ActiveCfg = Release|iPhone
		{A973501A-AB44-4A3B-8857-702445F0BE2D}.Release|x64.Build.0 = Release|iPhone
		{A973501A-AB44-4A3B-8857-702445F0BE2D}.Release|x64.Deploy.0 = Release|iPhone
		{A973501A-AB44-4A3B-8857-702445F0BE2D}.Release|x86.ActiveCfg = Release|iPhone
		{A973501A-AB44-4A3B-8857-702445F0BE2D}.Release|x86.Build.0 = Release|iPhone
		{A973501A-AB44-4A3B-8857-702445F0BE2D}.Release|x86.Deploy.0 = Release|iPhone
		{20186956-982F-4E45-B508-6778331D18D7}.Ad-Hoc|Any CPU.ActiveCfg = Release|x86
		{20186956-982F-4E45-B508-6778331D18D7}.Ad-Hoc|Any CPU.Build.0 = Release|x86
		{20186956-982F-4E45-B508-6778331D18D7}.Ad-Hoc|Any CPU.Deploy.0 = Release|x86
		{20186956-982F-4E45-B508-6778331D18D7}.Ad-Hoc|ARM.ActiveCfg = Release|ARM
		{20186956-982F-4E45-B508-6778331D18D7}.Ad-Hoc|ARM.Build.0 = Release|ARM
		{20186956-982F-4E45-B508-6778331D18D7}.Ad-Hoc|ARM.Deploy.0 = Release|ARM
		{20186956-982F-4E45-B508-6778331D18D7}.Ad-Hoc|iPhone.ActiveCfg = Release|x86
		{20186956-982F-4E45-B508-6778331D18D7}.Ad-Hoc|iPhone.Build.0 = Release|x86
		{20186956-982F-4E45-B508-6778331D18D7}.Ad-Hoc|iPhone.Deploy.0 = Release|x86
		{20186956-982F-4E45-B508-6778331D18D7}.Ad-Hoc|iPhoneSimulator.ActiveCfg = Release|x86
		{20186956-982F-4E45-B508-6778331D18D7}.Ad-Hoc|iPhoneSimulator.Build.0 = Release|x86
		{20186956-982F-4E45-B508-6778331D18D7}.Ad-Hoc|iPhoneSimulator.Deploy.0 = Release|x86
		{20186956-982F-4E45-B508-6778331D18D7}.Ad-Hoc|x64.ActiveCfg = Release|x64
		{20186956-982F-4E45-B508-6778331D18D7}.Ad-Hoc|x64.Build.0 = Release|x64
		{20186956-982F-4E45-B508-6778331D18D7}.Ad-Hoc|x64.Deploy.0 = Release|x64
		{20186956-982F-4E45-B508-6778331D18D7}.Ad-Hoc|x86.ActiveCfg = Release|x86
		{20186956-982F-4E45-B508-6778331D18D7}.Ad-Hoc|x86.Build.0 = Release|x86
		{20186956-982F-4E45-B508-6778331D18D7}.Ad-Hoc|x86.Deploy.0 = Release|x86
		{20186956-982F-4E45-B508-6778331D18D7}.AppStore|Any CPU.ActiveCfg = Release|x86
		{20186956-982F-4E45-B508-6778331D18D7}.AppStore|Any CPU.Build.0 = Release|x86
		{20186956-982F-4E45-B508-6778331D18D7}.AppStore|Any CPU.Deploy.0 = Release|x86
		{20186956-982F-4E45-B508-6778331D18D7}.AppStore|ARM.ActiveCfg = Release|ARM
		{20186956-982F-4E45-B508-6778331D18D7}.AppStore|ARM.Build.0 = Release|ARM
		{20186956-982F-4E45-B508-6778331D18D7}.AppStore|ARM.Deploy.0 = Release|ARM
		{20186956-982F-4E45-B508-6778331D18D7}.AppStore|iPhone.ActiveCfg = Release|x86
		{20186956-982F-4E45-B508-6778331D18D7}.AppStore|iPhone.Build.0 = Release|x86
		{20186956-982F-4E45-B508-6778331D18D7}.AppStore|iPhone.Deploy.0 = Release|x86
		{20186956-982F-4E45-B508-6778331D18D7}.AppStore|iPhoneSimulator.ActiveCfg = Release|x86
		{20186956-982F-4E45-B508-6778331D18D7}.AppStore|iPhoneSimulator.Build.0 = Release|x86
		{20186956-982F-4E45-B508-6778331D18D7}.AppStore|iPhoneSimulator.Deploy.0 = Release|x86
		{20186956-982F-4E45-B508-6778331D18D7}.AppStore|x64.ActiveCfg = Release|x64
		{20186956-982F-4E45-B508-6778331D18D7}.AppStore|x64.Build.0 = Release|x64
		{20186956-982F-4E45-B508-6778331D18D7}.AppStore|x64.Deploy.0 = Release|x64
		{20186956-982F-4E45-B508-6778331D18D7}.AppStore|x86.ActiveCfg = Release|x86
		{20186956-982F-4E45-B508-6778331D18D7}.AppStore|x86.Build.0 = Release|x86
		{20186956-982F-4E45-B508-6778331D18D7}.AppStore|x86.Deploy.0 = Release|x86
		{20186956-982F-4E45-B508-6778331D18D7}.Debug|Any CPU.ActiveCfg = Debug|x86
		{20186956-982F-4E45-B508-6778331D18D7}.Debug|Any CPU.Build.0 = Debug|x86
		{20186956-982F-4E45-B508-6778331D18D7}.Debug|Any CPU.Deploy.0 = Debug|x86
		{20186956-982F-4E45-B508-6778331D18D7}.Debug|ARM.ActiveCfg = Debug|ARM
		{20186956-982F-4E45-B508-6778331D18D7}.Debug|ARM.Build.0 = Debug|ARM
		{20186956-982F-4E45-B508-6778331D18D7}.Debug|ARM.Deploy.0 = Debug|ARM
		{20186956-982F-4E45-B508-6778331D18D7}.Debug|iPhone.ActiveCfg = Debug|x86
		{20186956-982F-4E45-B508-6778331D18D7}.Debug|iPhone.Build.0 = Debug|x86
		{20186956-982F-4E45-B508-6778331D18D7}.Debug|iPhone.Deploy.0 = Debug|x86
		{20186956-982F-4E45-B508-6778331D18D7}.Debug|iPhoneSimulator.ActiveCfg = Debug|x86
		{20186956-982F-4E45-B508-6778331D18D7}.Debug|iPhoneSimulator.Build.0 = Debug|x86
		{20186956-982F-4E45-B508-6778331D18D7}.Debug|iPhoneSimulator.Deploy.0 = Debug|x86
		{20186956-982F-4E45-B508-6778331D18D7}.Debug|x64.ActiveCfg = Debug|x64
		{20186956-982F-4E45-B508-6778331D18D7}.Debug|x64.Build.0 = Debug|x64
		{20186956-982F-4E45-B508-6778331D18D7}.Debug|x64.Deploy.0 = Debug|x64
		{20186956-982F-4E45-B508-6778331D18D7}.Debug|x86.ActiveCfg = Debug|x86
		{20186956-982F-4E45-B508-6778331D18D7}.Debug|x86.Build.0 = Debug|x86
		{20186956-982F-4E45-B508-6778331D18D7}.Debug|x86.Deploy.0 = Debug|x86
		{20186956-982F-4E45-B508-6778331D18D7}.Release|Any CPU.ActiveCfg = Release|x86
		{20186956-982F-4E45-B508-6778331D18D7}.Release|Any CPU.Build.0 = Release|x86
		{20186956-982F-4E45-B508-6778331D18D7}.Release|Any CPU.Deploy.0 = Release|x86
		{20186956-982F-4E45-B508-6778331D18D7}.Release|ARM.ActiveCfg = Release|ARM
		{20186956-982F-4E45-B508-6778331D18D7}.Release|ARM.Build.0 = Release|ARM
		{20186956-982F-4E45-B508-6778331D18D7}.Release|ARM.Deploy.0 = Release|ARM
		{20186956-982F-4E45-B508-6778331D18D7}.Release|iPhone.ActiveCfg = Release|x86
		{20186956-982F-4E45-B508-6778331D18D7}.Release|iPhone.Build.0 = Release|x86
		{20186956-982F-4E45-B508-6778331D18D7}.Release|iPhone.Deploy.0 = Release|x86
		{20186956-982F-4E45-B508-6778331D18D7}.Release|iPhoneSimulator.ActiveCfg = Release|x86
		{20186956-982F-4E45-B508-6778331D18D7}.Release|iPhoneSimulator.Build.0 = Release|x86
		{20186956-982F-4E45-B508-6778331D18D7}.Release|iPhoneSimulator.Deploy.0 = Release|x86
		{20186956-982F-4E45-B508-6778331D18D7}.Release|x64.ActiveCfg = Release|x64
		{20186956-982F-4E45-B508-6778331D18D7}.Release|x64.Build.0 = Release|x64
		{20186956-982F-4E45-B508-6778331D18D7}.Release|x64.Deploy.0 = Release|x64
		{20186956-982F-4E45-B508-6778331D18D7}.Release|x86.ActiveCfg = Release|x86
		{20186956-982F-4E45-B508-6778331D18D7}.Release|x86.Build.0 = Release|x86
		{20186956-982F-4E45-B508-6778331D18D7}.Release|x86.Deploy.0 = Release|x86
		{4864C7F0-FD70-4F50-8D78-68CAEAF8CC5A}.Ad-Hoc|Any CPU.ActiveCfg = Debug|Any CPU
		{4864C7F0-FD70-4F50-8D78-68CAEAF8CC5A}.Ad-Hoc|Any CPU.Build.0 = Debug|Any CPU
		{4864C7F0-FD70-4F50-8D78-68CAEAF8CC5A}.Ad-Hoc|Any CPU.Deploy.0 = Debug|Any CPU
		{4864C7F0-FD70-4F50-8D78-68CAEAF8CC5A}.Ad-Hoc|ARM.ActiveCfg = Debug|Any CPU
		{4864C7F0-FD70-4F50-8D78-68CAEAF8CC5A}.Ad-Hoc|ARM.Build.0 = Debug|Any CPU
		{4864C7F0-FD70-4F50-8D78-68CAEAF8CC5A}.Ad-Hoc|ARM.Deploy.0 = Debug|Any CPU
		{4864C7F0-FD70-4F50-8D78-68CAEAF8CC5A}.Ad-Hoc|iPhone.ActiveCfg = Debug|Any CPU
		{4864C7F0-FD70-4F50-8D78-68CAEAF8CC5A}.Ad-Hoc|iPhone.Build.0 = Debug|Any CPU
		{4864C7F0-FD70-4F50-8D78-68CAEAF8CC5A}.Ad-Hoc|iPhone.Deploy.0 = Debug|Any CPU
		{4864C7F0-FD70-4F50-8D78-68CAEAF8CC5A}.Ad-Hoc|iPhoneSimulator.ActiveCfg = Debug|Any CPU
		{4864C7F0-FD70-4F50-8D78-68CAEAF8CC5A}.Ad-Hoc|iPhoneSimulator.Build.0 = Debug|Any CPU
		{4864C7F0-FD70-4F50-8D78-68CAEAF8CC5A}.Ad-Hoc|iPhoneSimulator.Deploy.0 = Debug|Any CPU
		{4864C7F0-FD70-4F50-8D78-68CAEAF8CC5A}.Ad-Hoc|x64.ActiveCfg = Debug|Any CPU
		{4864C7F0-FD70-4F50-8D78-68CAEAF8CC5A}.Ad-Hoc|x64.Build.0 = Debug|Any CPU
		{4864C7F0-FD70-4F50-8D78-68CAEAF8CC5A}.Ad-Hoc|x64.Deploy.0 = Debug|Any CPU
		{4864C7F0-FD70-4F50-8D78-68CAEAF8CC5A}.Ad-Hoc|x86.ActiveCfg = Debug|Any CPU
		{4864C7F0-FD70-4F50-8D78-68CAEAF8CC5A}.Ad-Hoc|x86.Build.0 = Debug|Any CPU
		{4864C7F0-FD70-4F50-8D78-68CAEAF8CC5A}.Ad-Hoc|x86.Deploy.0 = Debug|Any CPU
		{4864C7F0-FD70-4F50-8D78-68CAEAF8CC5A}.AppStore|Any CPU.ActiveCfg = Debug|Any CPU
		{4864C7F0-FD70-4F50-8D78-68CAEAF8CC5A}.AppStore|Any CPU.Build.0 = Debug|Any CPU
		{4864C7F0-FD70-4F50-8D78-68CAEAF8CC5A}.AppStore|Any CPU.Deploy.0 = Debug|Any CPU
		{4864C7F0-FD70-4F50-8D78-68CAEAF8CC5A}.AppStore|ARM.ActiveCfg = Debug|Any CPU
		{4864C7F0-FD70-4F50-8D78-68CAEAF8CC5A}.AppStore|ARM.Build.0 = Debug|Any CPU
		{4864C7F0-FD70-4F50-8D78-68CAEAF8CC5A}.AppStore|ARM.Deploy.0 = Debug|Any CPU
		{4864C7F0-FD70-4F50-8D78-68CAEAF8CC5A}.AppStore|iPhone.ActiveCfg = Debug|Any CPU
		{4864C7F0-FD70-4F50-8D78-68CAEAF8CC5A}.AppStore|iPhone.Build.0 = Debug|Any CPU
		{4864C7F0-FD70-4F50-8D78-68CAEAF8CC5A}.AppStore|iPhone.Deploy.0 = Debug|Any CPU
		{4864C7F0-FD70-4F50-8D78-68CAEAF8CC5A}.AppStore|iPhoneSimulator.ActiveCfg = Debug|Any CPU
		{4864C7F0-FD70-4F50-8D78-68CAEAF8CC5A}.AppStore|iPhoneSimulator.Build.0 = Debug|Any CPU
		{4864C7F0-FD70-4F50-8D78-68CAEAF8CC5A}.AppStore|iPhoneSimulator.Deploy.0 = Debug|Any CPU
		{4864C7F0-FD70-4F50-8D78-68CAEAF8CC5A}.AppStore|x64.ActiveCfg = Debug|Any CPU
		{4864C7F0-FD70-4F50-8D78-68CAEAF8CC5A}.AppStore|x64.Build.0 = Debug|Any CPU
		{4864C7F0-FD70-4F50-8D78-68CAEAF8CC5A}.AppStore|x64.Deploy.0 = Debug|Any CPU
		{4864C7F0-FD70-4F50-8D78-68CAEAF8CC5A}.AppStore|x86.ActiveCfg = Debug|Any CPU
		{4864C7F0-FD70-4F50-8D78-68CAEAF8CC5A}.AppStore|x86.Build.0 = Debug|Any CPU
		{4864C7F0-FD70-4F50-8D78-68CAEAF8CC5A}.AppStore|x86.Deploy.0 = Debug|Any CPU
		{4864C7F0-FD70-4F50-8D78-68CAEAF8CC5A}.Debug|Any CPU.ActiveCfg = Debug|Any CPU
		{4864C7F0-FD70-4F50-8D78-68CAEAF8CC5A}.Debug|Any CPU.Build.0 = Debug|Any CPU
		{4864C7F0-FD70-4F50-8D78-68CAEAF8CC5A}.Debug|Any CPU.Deploy.0 = Debug|Any CPU
		{4864C7F0-FD70-4F50-8D78-68CAEAF8CC5A}.Debug|ARM.ActiveCfg = Debug|Any CPU
		{4864C7F0-FD70-4F50-8D78-68CAEAF8CC5A}.Debug|ARM.Build.0 = Debug|Any CPU
		{4864C7F0-FD70-4F50-8D78-68CAEAF8CC5A}.Debug|ARM.Deploy.0 = Debug|Any CPU
		{4864C7F0-FD70-4F50-8D78-68CAEAF8CC5A}.Debug|iPhone.ActiveCfg = Debug|Any CPU
		{4864C7F0-FD70-4F50-8D78-68CAEAF8CC5A}.Debug|iPhone.Build.0 = Debug|Any CPU
		{4864C7F0-FD70-4F50-8D78-68CAEAF8CC5A}.Debug|iPhone.Deploy.0 = Debug|Any CPU
		{4864C7F0-FD70-4F50-8D78-68CAEAF8CC5A}.Debug|iPhoneSimulator.ActiveCfg = Debug|Any CPU
		{4864C7F0-FD70-4F50-8D78-68CAEAF8CC5A}.Debug|iPhoneSimulator.Build.0 = Debug|Any CPU
		{4864C7F0-FD70-4F50-8D78-68CAEAF8CC5A}.Debug|iPhoneSimulator.Deploy.0 = Debug|Any CPU
		{4864C7F0-FD70-4F50-8D78-68CAEAF8CC5A}.Debug|x64.ActiveCfg = Debug|Any CPU
		{4864C7F0-FD70-4F50-8D78-68CAEAF8CC5A}.Debug|x64.Build.0 = Debug|Any CPU
		{4864C7F0-FD70-4F50-8D78-68CAEAF8CC5A}.Debug|x64.Deploy.0 = Debug|Any CPU
		{4864C7F0-FD70-4F50-8D78-68CAEAF8CC5A}.Debug|x86.ActiveCfg = Debug|Any CPU
		{4864C7F0-FD70-4F50-8D78-68CAEAF8CC5A}.Debug|x86.Build.0 = Debug|Any CPU
		{4864C7F0-FD70-4F50-8D78-68CAEAF8CC5A}.Debug|x86.Deploy.0 = Debug|Any CPU
		{4864C7F0-FD70-4F50-8D78-68CAEAF8CC5A}.Release|Any CPU.ActiveCfg = Release|Any CPU
		{4864C7F0-FD70-4F50-8D78-68CAEAF8CC5A}.Release|Any CPU.Build.0 = Release|Any CPU
		{4864C7F0-FD70-4F50-8D78-68CAEAF8CC5A}.Release|Any CPU.Deploy.0 = Release|Any CPU
		{4864C7F0-FD70-4F50-8D78-68CAEAF8CC5A}.Release|ARM.ActiveCfg = Release|Any CPU
		{4864C7F0-FD70-4F50-8D78-68CAEAF8CC5A}.Release|ARM.Build.0 = Release|Any CPU
		{4864C7F0-FD70-4F50-8D78-68CAEAF8CC5A}.Release|ARM.Deploy.0 = Release|Any CPU
		{4864C7F0-FD70-4F50-8D78-68CAEAF8CC5A}.Release|iPhone.ActiveCfg = Release|Any CPU
		{4864C7F0-FD70-4F50-8D78-68CAEAF8CC5A}.Release|iPhone.Build.0 = Release|Any CPU
		{4864C7F0-FD70-4F50-8D78-68CAEAF8CC5A}.Release|iPhone.Deploy.0 = Release|Any CPU
		{4864C7F0-FD70-4F50-8D78-68CAEAF8CC5A}.Release|iPhoneSimulator.ActiveCfg = Release|Any CPU
		{4864C7F0-FD70-4F50-8D78-68CAEAF8CC5A}.Release|iPhoneSimulator.Build.0 = Release|Any CPU
		{4864C7F0-FD70-4F50-8D78-68CAEAF8CC5A}.Release|iPhoneSimulator.Deploy.0 = Release|Any CPU
		{4864C7F0-FD70-4F50-8D78-68CAEAF8CC5A}.Release|x64.ActiveCfg = Release|Any CPU
		{4864C7F0-FD70-4F50-8D78-68CAEAF8CC5A}.Release|x64.Build.0 = Release|Any CPU
		{4864C7F0-FD70-4F50-8D78-68CAEAF8CC5A}.Release|x64.Deploy.0 = Release|Any CPU
		{4864C7F0-FD70-4F50-8D78-68CAEAF8CC5A}.Release|x86.ActiveCfg = Release|Any CPU
		{4864C7F0-FD70-4F50-8D78-68CAEAF8CC5A}.Release|x86.Build.0 = Release|Any CPU
		{4864C7F0-FD70-4F50-8D78-68CAEAF8CC5A}.Release|x86.Deploy.0 = Release|Any CPU
	EndGlobalSection
	GlobalSection(SolutionProperties) = preSolution
		HideSolutionNode = FALSE
	EndGlobalSection
	GlobalSection(ExtensibilityGlobals) = postSolution
		SolutionGuid = {A51D142A-CFC6-4D68-9A08-27C73F79E0C2}
	EndGlobalSection
EndGlobal
